
Microsoft Visual Studio Solution File, Format Version 12.00
# Visual Studio Version 16
VisualStudioVersion = 16.0.29926.136
MinimumVisualStudioVersion = 10.0.40219.1
Project("{9A19103F-16F7-4668-BE54-9A1E7A4F7556}") = "Harmony", "Harmony\Harmony.csproj", "{42F57FDF-3211-4585-8CBD-99600A916FDB}"
EndProject
Global
	GlobalSection(SolutionConfigurationPlatforms) = preSolution
		Debug|Any CPU = Debug|Any CPU
		Release|Any CPU = Release|Any CPU
	EndGlobalSection
	GlobalSection(ProjectConfigurationPlatforms) = postSolution
		{42F57FDF-3211-4585-8CBD-99600A916FDB}.Debug|Any CPU.ActiveCfg = Debug|Any CPU
		{42F57FDF-3211-4585-8CBD-99600A916FDB}.Debug|Any CPU.Build.0 = Debug|Any CPU
		{42F57FDF-3211-4585-8CBD-99600A916FDB}.Release|Any CPU.ActiveCfg = Release|Any CPU
		{42F57FDF-3211-4585-8CBD-99600A916FDB}.Release|Any CPU.Build.0 = Release|Any CPU
	EndGlobalSection
	GlobalSection(SolutionProperties) = preSolution
		HideSolutionNode = FALSE
	EndGlobalSection
	GlobalSection(ExtensibilityGlobals) = postSolution
		SolutionGuid = {063C5FF2-751B-49A5-A771-C3843DD8CC9F}
	EndGlobalSection
EndGlobal
